
Microsoft Visual Studio Solution File, Format Version 12.00
# Visual Studio Version 17
VisualStudioVersion = 17.14.36310.24 d17.14
MinimumVisualStudioVersion = 10.0.40219.1
Project("{FAE04EC0-301F-11D3-BF4B-00C04F79EFBC}") = "DioPoo", "DioPoo\DioPoo.csproj", "{BB709D7A-865F-4EBB-A66C-9FE8ACA31887}"
EndProject
Global
	GlobalSection(SolutionConfigurationPlatforms) = preSolution
		Debug|Any CPU = Debug|Any CPU
		Release|Any CPU = Release|Any CPU
	EndGlobalSection
	GlobalSection(ProjectConfigurationPlatforms) = postSolution
		{BB709D7A-865F-4EBB-A66C-9FE8ACA31887}.Debug|Any CPU.ActiveCfg = Debug|Any CPU
		{BB709D7A-865F-4EBB-A66C-9FE8ACA31887}.Debug|Any CPU.Build.0 = Debug|Any CPU
		{BB709D7A-865F-4EBB-A66C-9FE8ACA31887}.Release|Any CPU.ActiveCfg = Release|Any CPU
		{BB709D7A-865F-4EBB-A66C-9FE8ACA31887}.Release|Any CPU.Build.0 = Release|Any CPU
	EndGlobalSection
	GlobalSection(SolutionProperties) = preSolution
		HideSolutionNode = FALSE
	EndGlobalSection
	GlobalSection(ExtensibilityGlobals) = postSolution
		SolutionGuid = {58BCA77C-13BA-4AFF-A8CD-9B79AD471C5A}
	EndGlobalSection
EndGlobal
