
Microsoft Visual Studio Solution File, Format Version 12.00
# Visual Studio Version 17
VisualStudioVersion = 17.13.35931.197 d17.13
MinimumVisualStudioVersion = 10.0.40219.1
Project("{FAE04EC0-301F-11D3-BF4B-00C04F79EFBC}") = "DioAbstract", "DioAbstract\DioAbstract.csproj", "{D68AA4BE-9A8D-4B1E-BBAB-D0AF8A9B8242}"
EndProject
Global
	GlobalSection(SolutionConfigurationPlatforms) = preSolution
		Debug|Any CPU = Debug|Any CPU
		Release|Any CPU = Release|Any CPU
	EndGlobalSection
	GlobalSection(ProjectConfigurationPlatforms) = postSolution
		{D68AA4BE-9A8D-4B1E-BBAB-D0AF8A9B8242}.Debug|Any CPU.ActiveCfg = Debug|Any CPU
		{D68AA4BE-9A8D-4B1E-BBAB-D0AF8A9B8242}.Debug|Any CPU.Build.0 = Debug|Any CPU
		{D68AA4BE-9A8D-4B1E-BBAB-D0AF8A9B8242}.Release|Any CPU.ActiveCfg = Release|Any CPU
		{D68AA4BE-9A8D-4B1E-BBAB-D0AF8A9B8242}.Release|Any CPU.Build.0 = Release|Any CPU
	EndGlobalSection
	GlobalSection(SolutionProperties) = preSolution
		HideSolutionNode = FALSE
	EndGlobalSection
	GlobalSection(ExtensibilityGlobals) = postSolution
		SolutionGuid = {7AA829F0-553F-4169-A230-F4D7CD5DAFAC}
	EndGlobalSection
EndGlobal
